
Microsoft Visual Studio Solution File, Format Version 12.00
# Visual Studio Version 16
VisualStudioVersion = 16.0.30717.126
MinimumVisualStudioVersion = 10.0.40219.1
Project("{FAE04EC0-301F-11D3-BF4B-00C04F79EFBC}") = "sfml", "sfml\sfml.csproj", "{305154DB-AF69-46EB-A585-1CC9456C5AC7}"
EndProject
Global
	GlobalSection(SolutionConfigurationPlatforms) = preSolution
		Debug|Any CPU = Debug|Any CPU
		Release|Any CPU = Release|Any CPU
	EndGlobalSection
	GlobalSection(ProjectConfigurationPlatforms) = postSolution
		{305154DB-AF69-46EB-A585-1CC9456C5AC7}.Debug|Any CPU.ActiveCfg = Debug|Any CPU
		{305154DB-AF69-46EB-A585-1CC9456C5AC7}.Debug|Any CPU.Build.0 = Debug|Any CPU
		{305154DB-AF69-46EB-A585-1CC9456C5AC7}.Release|Any CPU.ActiveCfg = Release|Any CPU
		{305154DB-AF69-46EB-A585-1CC9456C5AC7}.Release|Any CPU.Build.0 = Release|Any CPU
	EndGlobalSection
	GlobalSection(SolutionProperties) = preSolution
		HideSolutionNode = FALSE
	EndGlobalSection
	GlobalSection(ExtensibilityGlobals) = postSolution
		SolutionGuid = {629F379F-BEDF-48B0-AE6F-A95F125832B1}
	EndGlobalSection
EndGlobal
